
Microsoft Visual Studio Solution File, Format Version 12.00
# Visual Studio Version 16
VisualStudioVersion = 16.0.30611.23
MinimumVisualStudioVersion = 10.0.40219.1
Project("{FAE04EC0-301F-11D3-BF4B-00C04F79EFBC}") = "English to automatism.Android", "English to automatism\English to automatism.Android\English to automatism.Android.csproj", "{4F06ABE1-4CCA-438E-9206-CBC40B911FF3}"
EndProject
Project("{FAE04EC0-301F-11D3-BF4B-00C04F79EFBC}") = "English to automatism.iOS", "English to automatism\English to automatism.iOS\English to automatism.iOS.csproj", "{DAAFE8C5-FA81-4D30-A3EA-7E2BB286613F}"
EndProject
Project("{FAE04EC0-301F-11D3-BF4B-00C04F79EFBC}") = "English to automatism", "English to automatism\English to automatism\English to automatism.csproj", "{D7838D73-629A-4BA2-BFF2-64C9B447049D}"
EndProject
Global
	GlobalSection(SolutionConfigurationPlatforms) = preSolution
		Debug|Any CPU = Debug|Any CPU
		Debug|iPhone = Debug|iPhone
		Debug|iPhoneSimulator = Debug|iPhoneSimulator
		Release|Any CPU = Release|Any CPU
		Release|iPhone = Release|iPhone
		Release|iPhoneSimulator = Release|iPhoneSimulator
	EndGlobalSection
	GlobalSection(ProjectConfigurationPlatforms) = postSolution
		{4F06ABE1-4CCA-438E-9206-CBC40B911FF3}.Debug|Any CPU.ActiveCfg = Debug|Any CPU
		{4F06ABE1-4CCA-438E-9206-CBC40B911FF3}.Debug|Any CPU.Build.0 = Debug|Any CPU
		{4F06ABE1-4CCA-438E-9206-CBC40B911FF3}.Debug|Any CPU.Deploy.0 = Debug|Any CPU
		{4F06ABE1-4CCA-438E-9206-CBC40B911FF3}.Debug|iPhone.ActiveCfg = Debug|Any CPU
		{4F06ABE1-4CCA-438E-9206-CBC40B911FF3}.Debug|iPhone.Build.0 = Debug|Any CPU
		{4F06ABE1-4CCA-438E-9206-CBC40B911FF3}.Debug|iPhone.Deploy.0 = Debug|Any CPU
		{4F06ABE1-4CCA-438E-9206-CBC40B911FF3}.Debug|iPhoneSimulator.ActiveCfg = Debug|Any CPU
		{4F06ABE1-4CCA-438E-9206-CBC40B911FF3}.Debug|iPhoneSimulator.Build.0 = Debug|Any CPU
		{4F06ABE1-4CCA-438E-9206-CBC40B911FF3}.Debug|iPhoneSimulator.Deploy.0 = Debug|Any CPU
		{4F06ABE1-4CCA-438E-9206-CBC40B911FF3}.Release|Any CPU.ActiveCfg = Release|Any CPU
		{4F06ABE1-4CCA-438E-9206-CBC40B911FF3}.Release|Any CPU.Build.0 = Release|Any CPU
		{4F06ABE1-4CCA-438E-9206-CBC40B911FF3}.Release|Any CPU.Deploy.0 = Release|Any CPU
		{4F06ABE1-4CCA-438E-9206-CBC40B911FF3}.Release|iPhone.ActiveCfg = Release|Any CPU
		{4F06ABE1-4CCA-438E-9206-CBC40B911FF3}.Release|iPhone.Build.0 = Release|Any CPU
		{4F06ABE1-4CCA-438E-9206-CBC40B911FF3}.Release|iPhone.Deploy.0 = Release|Any CPU
		{4F06ABE1-4CCA-438E-9206-CBC40B911FF3}.Release|iPhoneSimulator.ActiveCfg = Release|Any CPU
		{4F06ABE1-4CCA-438E-9206-CBC40B911FF3}.Release|iPhoneSimulator.Build.0 = Release|Any CPU
		{4F06ABE1-4CCA-438E-9206-CBC40B911FF3}.Release|iPhoneSimulator.Deploy.0 = Release|Any CPU
		{DAAFE8C5-FA81-4D30-A3EA-7E2BB286613F}.Debug|Any CPU.ActiveCfg = Debug|iPhone
		{DAAFE8C5-FA81-4D30-A3EA-7E2BB286613F}.Debug|Any CPU.Build.0 = Debug|iPhone
		{DAAFE8C5-FA81-4D30-A3EA-7E2BB286613F}.Debug|Any CPU.Deploy.0 = Debug|iPhone
		{DAAFE8C5-FA81-4D30-A3EA-7E2BB286613F}.Debug|iPhone.ActiveCfg = Debug|iPhone
		{DAAFE8C5-FA81-4D30-A3EA-7E2BB286613F}.Debug|iPhone.Build.0 = Debug|iPhone
		{DAAFE8C5-FA81-4D30-A3EA-7E2BB286613F}.Debug|iPhone.Deploy.0 = Debug|iPhone
		{DAAFE8C5-FA81-4D30-A3EA-7E2BB286613F}.Debug|iPhoneSimulator.ActiveCfg = Debug|iPhoneSimulator
		{DAAFE8C5-FA81-4D30-A3EA-7E2BB286613F}.Debug|iPhoneSimulator.Build.0 = Debug|iPhoneSimulator
		{DAAFE8C5-FA81-4D30-A3EA-7E2BB286613F}.Debug|iPhoneSimulator.Deploy.0 = Debug|iPhoneSimulator
		{DAAFE8C5-FA81-4D30-A3EA-7E2BB286613F}.Release|Any CPU.ActiveCfg = Release|iPhoneSimulator
		{DAAFE8C5-FA81-4D30-A3EA-7E2BB286613F}.Release|Any CPU.Build.0 = Release|iPhoneSimulator
		{DAAFE8C5-FA81-4D30-A3EA-7E2BB286613F}.Release|Any CPU.Deploy.0 = Release|iPhoneSimulator
		{DAAFE8C5-FA81-4D30-A3EA-7E2BB286613F}.Release|iPhone.ActiveCfg = Release|iPhone
		{DAAFE8C5-FA81-4D30-A3EA-7E2BB286613F}.Release|iPhone.Build.0 = Release|iPhone
		{DAAFE8C5-FA81-4D30-A3EA-7E2BB286613F}.Release|iPhone.Deploy.0 = Release|iPhone
		{DAAFE8C5-FA81-4D30-A3EA-7E2BB286613F}.Release|iPhoneSimulator.ActiveCfg = Release|iPhoneSimulator
		{DAAFE8C5-FA81-4D30-A3EA-7E2BB286613F}.Release|iPhoneSimulator.Build.0 = Release|iPhoneSimulator
		{DAAFE8C5-FA81-4D30-A3EA-7E2BB286613F}.Release|iPhoneSimulator.Deploy.0 = Release|iPhoneSimulator
		{D7838D73-629A-4BA2-BFF2-64C9B447049D}.Debug|Any CPU.ActiveCfg = Debug|Any CPU
		{D7838D73-629A-4BA2-BFF2-64C9B447049D}.Debug|Any CPU.Build.0 = Debug|Any CPU
		{D7838D73-629A-4BA2-BFF2-64C9B447049D}.Debug|Any CPU.Deploy.0 = Debug|Any CPU
		{D7838D73-629A-4BA2-BFF2-64C9B447049D}.Debug|iPhone.ActiveCfg = Debug|Any CPU
		{D7838D73-629A-4BA2-BFF2-64C9B447049D}.Debug|iPhone.Build.0 = Debug|Any CPU
		{D7838D73-629A-4BA2-BFF2-64C9B447049D}.Debug|iPhone.Deploy.0 = Debug|Any CPU
		{D7838D73-629A-4BA2-BFF2-64C9B447049D}.Debug|iPhoneSimulator.ActiveCfg = Debug|Any CPU
		{D7838D73-629A-4BA2-BFF2-64C9B447049D}.Debug|iPhoneSimulator.Build.0 = Debug|Any CPU
		{D7838D73-629A-4BA2-BFF2-64C9B447049D}.Debug|iPhoneSimulator.Deploy.0 = Debug|Any CPU
		{D7838D73-629A-4BA2-BFF2-64C9B447049D}.Release|Any CPU.ActiveCfg = Release|Any CPU
		{D7838D73-629A-4BA2-BFF2-64C9B447049D}.Release|Any CPU.Build.0 = Release|Any CPU
		{D7838D73-629A-4BA2-BFF2-64C9B447049D}.Release|Any CPU.Deploy.0 = Release|Any CPU
		{D7838D73-629A-4BA2-BFF2-64C9B447049D}.Release|iPhone.ActiveCfg = Release|Any CPU
		{D7838D73-629A-4BA2-BFF2-64C9B447049D}.Release|iPhone.Build.0 = Release|Any CPU
		{D7838D73-629A-4BA2-BFF2-64C9B447049D}.Release|iPhone.Deploy.0 = Release|Any CPU
		{D7838D73-629A-4BA2-BFF2-64C9B447049D}.Release|iPhoneSimulator.ActiveCfg = Release|Any CPU
		{D7838D73-629A-4BA2-BFF2-64C9B447049D}.Release|iPhoneSimulator.Build.0 = Release|Any CPU
		{D7838D73-629A-4BA2-BFF2-64C9B447049D}.Release|iPhoneSimulator.Deploy.0 = Release|Any CPU
	EndGlobalSection
	GlobalSection(SolutionProperties) = preSolution
		HideSolutionNode = FALSE
	EndGlobalSection
	GlobalSection(ExtensibilityGlobals) = postSolution
		SolutionGuid = {A99AE546-271A-4272-A5F9-0F72BFE12F76}
	EndGlobalSection
EndGlobal
